{
  "nodes": {
    "agency-agents": {
      "flake": false,
      "locked": {
        "lastModified": 1773610655,
        "narHash": "sha256-kjpQZo3S8E0bYOhkMqOzOr1V133yTZzAMC/eQqwA84Y=",
        "owner": "msitarzewski",
        "repo": "agency-agents",
        "rev": "6254154899f510eb4a4de10561fecfc1f32ff17f",
        "type": "github"
      },
      "original": {
        "owner": "msitarzewski",
        "repo": "agency-agents",
        "type": "github"
      }
    },
    "cc-skills": {
      "flake": false,
      "locked": {
        "lastModified": 1772827583,
        "narHash": "sha256-GzNpraXV85qUwyGs5XDe0zHYr2AazqFppWtH9JvO3QE=",
        "owner": "anthropics",
        "repo": "skills",
        "rev": "b0cbd3df1533b396d281a6886d5132f623393a9c",
        "type": "github"
      },
      "original": {
        "owner": "anthropics",
        "repo": "skills",
        "type": "github"
      }
    },
    "context-engineering": {
      "flake": false,
      "locked": {
        "lastModified": 1774200268,
        "narHash": "sha256-BsFxyWmLXjS8QaOVgvm6MFpxxqWp7vk35+YcpFCDgUk=",
        "owner": "muratcankoylan",
        "repo": "Agent-Skills-for-Context-Engineering",
        "rev": "3ab8c948898908e4acc083c32f0390f0caafe3e4",
        "type": "github"
      },
      "original": {
        "owner": "muratcankoylan",
        "repo": "Agent-Skills-for-Context-Engineering",
        "type": "github"
      }
    },
    "disko": {
      "inputs": {
        "nixpkgs": [
          "nixpkgs"
        ]
      },
      "locked": {
        "lastModified": 1773506317,
        "narHash": "sha256-qWKbLUJpavIpvOdX1fhHYm0WGerytFHRoh9lVck6Bh0=",
        "owner": "nix-community",
        "repo": "disko",
        "rev": "878ec37d6a8f52c6c801d0e2a2ad554c75b9353c",
        "type": "github"
      },
      "original": {
        "owner": "nix-community",
        "repo": "disko",
        "type": "github"
      }
    },
    "flake-compat": {
      "flake": false,
      "locked": {
        "lastModified": 1767039857,
        "narHash": "sha256-vNpUSpF5Nuw8xvDLj2KCwwksIbjua2LZCqhV1LNRDns=",
        "owner": "edolstra",
        "repo": "flake-compat",
        "rev": "5edf11c44bc78a0d334f6334cdaf7d60d732daab",
        "type": "github"
      },
      "original": {
        "owner": "edolstra",
        "repo": "flake-compat",
        "type": "github"
      }
    },
    "flake-parts": {
      "inputs": {
        "nixpkgs-lib": [
          "nixvim",
          "nixpkgs"
        ]
      },
      "locked": {
        "lastModified": 1768135262,
        "narHash": "sha256-PVvu7OqHBGWN16zSi6tEmPwwHQ4rLPU9Plvs8/1TUBY=",
        "owner": "hercules-ci",
        "repo": "flake-parts",
        "rev": "80daad04eddbbf5a4d883996a73f3f542fa437ac",
        "type": "github"
      },
      "original": {
        "owner": "hercules-ci",
        "repo": "flake-parts",
        "type": "github"
      }
    },
    "flake-utils": {
      "inputs": {
        "systems": "systems"
      },
      "locked": {
        "lastModified": 1731533236,
        "narHash": "sha256-l0KFg5HjrsfsO/JpG+r7fRrqm12kzFHyUHqHCVpMMbI=",
        "owner": "numtide",
        "repo": "flake-utils",
        "rev": "11707dc2f618dd54ca8739b309ec4fc024de578b",
        "type": "github"
      },
      "original": {
        "owner": "numtide",
        "repo": "flake-utils",
        "type": "github"
      }
    },
    "home-manager": {
      "inputs": {
        "nixpkgs": [
          "nixpkgs"
        ]
      },
      "locked": {
        "lastModified": 1773681845,
        "narHash": "sha256-o8hrZrigP0JYcwnglCp8Zi8jQafWsxbDtRRPzuVwFxY=",
        "owner": "nix-community",
        "repo": "home-manager",
        "rev": "0759e0e137305bc9d0c52c204c6d8dffe6f601a6",
        "type": "github"
      },
      "original": {
        "owner": "nix-community",
        "ref": "release-25.11",
        "repo": "home-manager",
        "type": "github"
      }
    },
    "ixx": {
      "inputs": {
        "flake-utils": [
          "nixvim",
          "nuschtosSearch",
          "flake-utils"
        ],
        "nixpkgs": [
          "nixvim",
          "nuschtosSearch",
          "nixpkgs"
        ]
      },
      "locked": {
        "lastModified": 1754860581,
        "narHash": "sha256-EM0IE63OHxXCOpDHXaTyHIOk2cNvMCGPqLt/IdtVxgk=",
        "owner": "NuschtOS",
        "repo": "ixx",
        "rev": "babfe85a876162c4acc9ab6fb4483df88fa1f281",
        "type": "github"
      },
      "original": {
        "owner": "NuschtOS",
        "ref": "v0.1.1",
        "repo": "ixx",
        "type": "github"
      }
    },
    "multi-agent": {
      "flake": false,
      "locked": {
        "lastModified": 1773996999,
        "narHash": "sha256-9dW2rNHEiJKF/JfLGjEARv/vFzK+tCYVDYPRNCpakYc=",
        "owner": "FeCCC",
        "repo": "multi-agent",
        "rev": "6c46bf36785451d7fcdafd0509e1fa06b25e356f",
        "type": "github"
      },
      "original": {
        "owner": "FeCCC",
        "repo": "multi-agent",
        "type": "github"
      }
    },
    "nixos-hardware": {
      "locked": {
        "lastModified": 1773533765,
        "narHash": "sha256-qonGfS2lzCgCl59Zl63jF6dIRRpvW3AJooBGMaXjHiY=",
        "owner": "NixOS",
        "repo": "nixos-hardware",
        "rev": "f8e82243fd601afb9f59ad230958bd073795cbfe",
        "type": "github"
      },
      "original": {
        "owner": "NixOS",
        "ref": "master",
        "repo": "nixos-hardware",
        "type": "github"
      }
    },
    "nixos-wsl": {
      "inputs": {
        "flake-compat": "flake-compat",
        "nixpkgs": [
          "nixpkgs"
        ]
      },
      "locked": {
        "lastModified": 1773603777,
        "narHash": "sha256-oXSEbMR/IuHYk9nvrbRhaYBxVK5s63DH2UGOZT2ok48=",
        "owner": "nix-community",
        "repo": "NixOS-WSL",
        "rev": "0efe7af73d6e4a8d447a22936c5526d73822b0a7",
        "type": "github"
      },
      "original": {
        "owner": "nix-community",
        "repo": "NixOS-WSL",
        "type": "github"
      }
    },
    "nixpkgs": {
      "locked": {
        "lastModified": 1773705440,
        "narHash": "sha256-xB30bbAp0e7ogSEYyc126mAJMt4FRFh8wtm6ADE1xuM=",
        "owner": "nixos",
        "repo": "nixpkgs",
        "rev": "48652e9d5aea46e555b3df87354280d4f29cd3a3",
        "type": "github"
      },
      "original": {
        "owner": "nixos",
        "ref": "nixos-25.11",
        "repo": "nixpkgs",
        "type": "github"
      }
    },
    "nixpkgs-2305": {
      "locked": {
        "lastModified": 1704290814,
        "narHash": "sha256-LWvKHp7kGxk/GEtlrGYV68qIvPHkU9iToomNFGagixU=",
        "owner": "nixos",
        "repo": "nixpkgs",
        "rev": "70bdadeb94ffc8806c0570eb5c2695ad29f0e421",
        "type": "github"
      },
      "original": {
        "owner": "nixos",
        "ref": "nixos-23.05",
        "repo": "nixpkgs",
        "type": "github"
      }
    },
    "nixpkgs-unstable": {
      "locked": {
        "lastModified": 1773646010,
        "narHash": "sha256-iYrs97hS7p5u4lQzuNWzuALGIOdkPXvjz7bviiBjUu8=",
        "owner": "nixos",
        "repo": "nixpkgs",
        "rev": "5b2c2d84341b2afb5647081c1386a80d7a8d8605",
        "type": "github"
      },
      "original": {
        "owner": "nixos",
        "ref": "nixos-unstable",
        "repo": "nixpkgs",
        "type": "github"
      }
    },
    "nixpkgs_2": {
      "locked": {
        "lastModified": 1773909469,
        "narHash": "sha256-vglVrLfHjFIzIdV9A27Ugul6rh3I1qHbbitGW7dk420=",
        "owner": "NixOS",
        "repo": "nixpkgs",
        "rev": "7149c06513f335be57f26fcbbbe34afda923882b",
        "type": "github"
      },
      "original": {
        "owner": "NixOS",
        "ref": "nixpkgs-unstable",
        "repo": "nixpkgs",
        "type": "github"
      }
    },
    "nixvim": {
      "inputs": {
        "flake-parts": "flake-parts",
        "nixpkgs": [
          "nixpkgs"
        ],
        "nuschtosSearch": "nuschtosSearch",
        "systems": "systems_2"
      },
      "locked": {
        "lastModified": 1769049374,
        "narHash": "sha256-h0Os2qqNyycDY1FyZgtbn28VF1ySP74/n0f+LDd8j+w=",
        "owner": "nix-community",
        "repo": "nixvim",
        "rev": "b8f76bf5751835647538ef8784e4e6ee8deb8f95",
        "type": "github"
      },
      "original": {
        "owner": "nix-community",
        "ref": "nixos-25.11",
        "repo": "nixvim",
        "type": "github"
      }
    },
    "novel-control-station": {
      "flake": false,
      "locked": {
        "lastModified": 1773909271,
        "narHash": "sha256-IB381Y/2ruTHLPXo5ON54kV0DHIkwzoBG4ngQ+gCUwk=",
        "owner": "jingtai123",
        "repo": "Novel-Control-Station-Skill",
        "rev": "46715affd645244da945643c7e177bc798d5fb9f",
        "type": "github"
      },
      "original": {
        "owner": "jingtai123",
        "repo": "Novel-Control-Station-Skill",
        "type": "github"
      }
    },
    "nuschtosSearch": {
      "inputs": {
        "flake-utils": "flake-utils",
        "ixx": "ixx",
        "nixpkgs": [
          "nixvim",
          "nixpkgs"
        ]
      },
      "locked": {
        "lastModified": 1768249818,
        "narHash": "sha256-ANfn5OqIxq3HONPIXZ6zuI5sLzX1sS+2qcf/Pa0kQEc=",
        "owner": "NuschtOS",
        "repo": "search",
        "rev": "b6f77b88e9009bfde28e2130e218e5123dc66796",
        "type": "github"
      },
      "original": {
        "owner": "NuschtOS",
        "repo": "search",
        "type": "github"
      }
    },
    "opencode": {
      "inputs": {
        "nixpkgs": "nixpkgs_2"
      },
      "locked": {
        "lastModified": 1774599919,
        "narHash": "sha256-ZxmzU/6Gcrq9DFEmqdLWFnZkZuGWZNZBiSycarKflw4=",
        "owner": "anomalyco",
        "repo": "opencode",
        "rev": "3fb60d05e555dad020d3354602affe166ef0cc22",
        "type": "github"
      },
      "original": {
        "owner": "anomalyco",
        "repo": "opencode",
        "type": "github"
      }
    },
    "pua": {
      "flake": false,
      "locked": {
        "lastModified": 1773760411,
        "narHash": "sha256-INNiXX4WXHVgFr1+YJLs8AROpB1AhbpuHzeMte+k8lw=",
        "owner": "tanweai",
        "repo": "pua",
        "rev": "783844c80c606a0cbb723f50d0f9c126378a9029",
        "type": "github"
      },
      "original": {
        "owner": "tanweai",
        "repo": "pua",
        "type": "github"
      }
    },
    "root": {
      "inputs": {
        "agency-agents": "agency-agents",
        "cc-skills": "cc-skills",
        "context-engineering": "context-engineering",
        "disko": "disko",
        "home-manager": "home-manager",
        "multi-agent": "multi-agent",
        "nixos-hardware": "nixos-hardware",
        "nixos-wsl": "nixos-wsl",
        "nixpkgs": "nixpkgs",
        "nixpkgs-2305": "nixpkgs-2305",
        "nixpkgs-unstable": "nixpkgs-unstable",
        "nixvim": "nixvim",
        "novel-control-station": "novel-control-station",
        "opencode": "opencode",
        "pua": "pua",
        "sops-nix": "sops-nix",
        "superpowers": "superpowers",
        "unsloth-buddy": "unsloth-buddy"
      }
    },
    "sops-nix": {
      "inputs": {
        "nixpkgs": [
          "nixpkgs"
        ]
      },
      "locked": {
        "lastModified": 1773698643,
        "narHash": "sha256-VCiDjE8kNs8uCAK73Ezk1r3fFuc4JepvW07YFqaN968=",
        "owner": "Mic92",
        "repo": "sops-nix",
        "rev": "8237de83e8200d16fe0c4467b02a1c608ff28044",
        "type": "github"
      },
      "original": {
        "owner": "Mic92",
        "repo": "sops-nix",
        "type": "github"
      }
    },
    "superpowers": {
      "flake": false,
      "locked": {
        "lastModified": 1773784922,
        "narHash": "sha256-Yq7y6VDrREV60WpfaGsYdnWqoaS7g1hrtci4bGtgtZM=",
        "owner": "obra",
        "repo": "superpowers",
        "rev": "7e516434f2a30114300efc9247db32fb37daa5f9",
        "type": "github"
      },
      "original": {
        "owner": "obra",
        "repo": "superpowers",
        "type": "github"
      }
    },
    "systems": {
      "locked": {
        "lastModified": 1681028828,
        "narHash": "sha256-Vy1rq5AaRuLzOxct8nz4T6wlgyUR7zLU309k9mBC768=",
        "owner": "nix-systems",
        "repo": "default",
        "rev": "da67096a3b9bf56a91d16901293e51ba5b49a27e",
        "type": "github"
      },
      "original": {
        "owner": "nix-systems",
        "repo": "default",
        "type": "github"
      }
    },
    "systems_2": {
      "locked": {
        "lastModified": 1681028828,
        "narHash": "sha256-Vy1rq5AaRuLzOxct8nz4T6wlgyUR7zLU309k9mBC768=",
        "owner": "nix-systems",
        "repo": "default",
        "rev": "da67096a3b9bf56a91d16901293e51ba5b49a27e",
        "type": "github"
      },
      "original": {
        "owner": "nix-systems",
        "repo": "default",
        "type": "github"
      }
    },
    "unsloth-buddy": {
      "flake": false,
      "locked": {
        "lastModified": 1774315278,
        "narHash": "sha256-V7P43dOR4zbbfMhHqbOGW1nON9wTOZ8zQ2ctok+ub0A=",
        "owner": "TYH-labs",
        "repo": "unsloth-buddy",
        "rev": "5f017b0270bfef081020779c416dd821cec0125f",
        "type": "github"
      },
      "original": {
        "owner": "TYH-labs",
        "repo": "unsloth-buddy",
        "type": "github"
      }
    }
  },
  "root": "root",
  "version": 7
}
